dependencies:
- name: ska-tango-base
  repository: https://artefact.skao.int/repository/helm-internal
  version: 0.4.7
- name: ska-tango-util
  repository: https://artefact.skao.int/repository/helm-internal
  version: 0.4.7
- name: ska-mid-cbf-mcs
  repository: https://gitlab.com/api/v4/projects/12488466/packages/helm/dev
  version: 0.10.19-dev.cbcbacc2d
- name: ska-mid-cbf-tmleafnode
  repository: https://gitlab.com/api/v4/projects/12488466/packages/helm/dev
  version: 0.10.19-dev.cbcbacc2d
- name: ska-csp-lmc-mid
  repository: https://artefact.skao.int/repository/helm-internal
  version: 0.16.2
- name: ska-sdp
  repository: https://artefact.skao.int/repository/helm-internal
  version: 0.17.0
- name: ska-tmc-mid
  repository: https://artefact.skao.int/repository/helm-internal
  version: 0.8.5
- name: ska-tango-taranta
  repository: https://artefact.skao.int/repository/helm-internal
  version: 2.2.4
- name: ska-tango-tangogql
  repository: https://artefact.skao.int/repository/helm-internal
  version: 1.3.8
- name: ska-tango-taranta-auth
  repository: https://artefact.skao.int/repository/helm-internal
  version: 0.1.6
- name: ska-tango-taranta-dashboard
  repository: https://artefact.skao.int/repository/helm-internal
  version: 1.4.0
- name: ska-tango-taranta-dashboard-pvc
  repository: https://artefact.skao.int/repository/helm-internal
  version: 1.4.0
- name: ska-ser-skuid
  repository: https://artefact.skao.int/repository/helm-internal
  version: 3.3.3
- name: ska-landingpage
  repository: https://artefact.skao.int/repository/helm-internal
  version: 0.8.3
- name: ska-sim-dishmaster
  repository: https://artefact.skao.int/repository/helm-internal
  version: 2.0.3
- name: ska-log-consumer
  repository: https://artefact.skao.int/repository/helm-internal
  version: 0.1.6
- name: ska-oso-oet
  repository: https://artefact.skao.int/repository/helm-internal
  version: 5.0.0
- name: ska-tango-alarmhandler
  repository: https://artefact.skao.int/repository/helm-internal
  version: 0.1.5
- name: ska-db-oda
  repository: https://artefact.skao.int/repository/helm-internal
  version: 1.6.1
digest: sha256:d50f00aba6a9b9d223c6c93fcffba26b9f743d34f02a9fcca802db90bbd3ace4
generated: "2023-10-05T23:19:53.849155697Z"
